schema: '2.0'
stages:
  data_ingestion:
    cmd: python src/components/data_ingestion.py
    deps:
    - path: src/components/data_ingestion.py
      hash: md5
      md5: ec656118155467d33e9bdaef92d4941b
      size: 4561
    outs:
    - path: Artifact/Data_ingestion/Ingested
      hash: md5
      md5: a7aed6d2f00093a3c2f4a08dfc2bd3c9.dir
      size: 4635257
      nfiles: 2
    - path: Artifact/Data_ingestion/Raw_Data
      hash: md5
      md5: 5701069452fa2d829dc3e72a3c6e7a1e.dir
      size: 4634987
      nfiles: 1
  data_validation:
    cmd: python src/components/data_validation.py
    deps:
    - path: Artifact/Data_ingestion/Ingested
      hash: md5
      md5: 19be34c16f3c97324cb7bdaa22963629.dir
      size: 4635257
      nfiles: 2
    - path: Artifact/Data_ingestion/Raw_Data
      hash: md5
      md5: 89221a512d7ac2944dc9481a910cd47b.dir
      size: 4634987
      nfiles: 1
    - path: src/components/data_validation.py
      hash: md5
      md5: 600849490d159e4ce8d718f4e229ee1b
      size: 7013
    outs:
    - path: Artifact/Data_validation
      hash: md5
      md5: 10cb0a3fa87e972d066d6a9939550294.dir
      size: 52
      nfiles: 1
  data_transformation:
    cmd: python src/components/data_transformation.py
    deps:
    - path: Artifact/Data_validation
      hash: md5
      md5: 10cb0a3fa87e972d066d6a9939550294.dir
      size: 52
      nfiles: 1
    - path: src/components/data_transformation.py
      hash: md5
      md5: a492ae5310aec55f49c7fba122042a14
      size: 9636
    outs:
    - path: Artifact/Data_transformation/Transformed
      hash: md5
      md5: b1397382f3606b0497bae4b3f9b68825.dir
      size: 2715112
      nfiles: 2
    - path: Artifact/Data_transformation/Transformed_object
      hash: md5
      md5: 2d9008b465ed2c1d8cab9ac216c40242.dir
      size: 4313
      nfiles: 1
  model_training:
    cmd: python src/components/model_trainer.py
    deps:
    - path: Artifact/Data_transformation/Transformed
      hash: md5
      md5: 9baeed8dac49c9d3cf6d09ae5b0a7dc2.dir
      size: 2715440
      nfiles: 2
    - path: Artifact/Data_transformation/Transformed_object
      hash: md5
      md5: ccc40591aa4f72217c4b6b9a4e807b10.dir
      size: 4313
      nfiles: 1
    - path: src/components/model_trainer.py
      hash: md5
      md5: d9acf20a0bb7fb7400828f54091bccfe
      size: 7832
    outs:
    - path: Artifact/Model_trainer/Trained_model
      hash: md5
      md5: 2e9088e9a0d14b9eaf0a5c5108550866.dir
      size: 1332652
      nfiles: 1
  model_evaluation:
    cmd: python src/components/model_evaluation.py
    deps:
    - path: Artifact/Model_trainer/Trained_model
      hash: md5
      md5: b0bbe5e443457d370bffccf9f3425c25.dir
      size: 1351958
      nfiles: 1
    - path: src/components/model_evaluation.py
      hash: md5
      md5: 94e68388d2b3014a8796ef8db2e33335
      size: 10082
    outs:
    - path: Artifact/Model_evaluation
      hash: md5
      md5: 32802609d3bb58978a4f2c77bed0cff5.dir
      size: 264
      nfiles: 1
